<?xml version="1.0" encoding="utf-8"?>
<Project ToolsVersion="4.0" xmlns="http://schemas.microsoft.com/developer/msbuild/2003">
  <ItemGroup>
    <Filter Include="ソース ファイル">
      <UniqueIdentifier>{4FC737F1-C7A5-4376-A066-2A32D752A2FF}</UniqueIdentifier>
      <Extensions>cpp;c;cc;cxx;c++;cppm;ixx;def;odl;idl;hpj;bat;asm;asmx</Extensions>
    </Filter>
    <Filter Include="ヘッダー ファイル">
      <UniqueIdentifier>{93995380-89BD-4b04-88EB-625FBE52EBFB}</UniqueIdentifier>
      <Extensions>h;hh;hpp;hxx;h++;hm;inl;inc;ipp;xsd</Extensions>
    </Filter>
    <Filter Include="リソース ファイル">
      <UniqueIdentifier>{67DA6AB6-F800-4c08-8B7A-83BB121AAD01}</UniqueIdentifier>
      <Extensions>rc;ico;cur;bmp;dlg;rc2;rct;bin;rgs;gif;jpg;jpeg;jpe;resx;tiff;tif;png;wav;mfcribbon-ms</Extensions>
    </Filter>
    <Filter Include="Input">
      <UniqueIdentifier>{b7477d97-6265-4e28-8e57-d9eb8dd92ca5}</UniqueIdentifier>
    </Filter>
    <Filter Include="Collision">
      <UniqueIdentifier>{1d584857-2eb5-41f7-9719-721387b0d8f4}</UniqueIdentifier>
    </Filter>
    <Filter Include="MyMath">
      <UniqueIdentifier>{96e479e6-ae20-4be2-b036-2925b3ee6db3}</UniqueIdentifier>
    </Filter>
    <Filter Include="Pack">
      <UniqueIdentifier>{6bea0141-0749-4d24-9ef3-e05a2c3e7a10}</UniqueIdentifier>
    </Filter>
  </ItemGroup>
  <ItemGroup>
    <ClCompile Include="..\src\Main.cpp">
      <Filter>ソース ファイル</Filter>
    </ClCompile>
    <ClCompile Include="..\src\Input\Input.cpp">
      <Filter>Input</Filter>
    </ClCompile>
    <ClCompile Include="..\src\Player\Player.cpp">
      <Filter>ソース ファイル</Filter>
    </ClCompile>
    <ClCompile Include="..\src\noda_Pack\Pack.cpp">
      <Filter>Pack</Filter>
    </ClCompile>
    <ClCompile Include="..\src\My_Math\My_Math.cpp">
      <Filter>MyMath</Filter>
    </ClCompile>
    <ClCompile Include="..\src\Collision\Collision.cpp">
      <Filter>Collision</Filter>
    </ClCompile>
  </ItemGroup>
  <ItemGroup>
    <ClInclude Include="..\src\Input\Input.h">
      <Filter>Input</Filter>
    </ClInclude>
    <ClInclude Include="..\src\Player\Player.h">
      <Filter>ヘッダー ファイル</Filter>
    </ClInclude>
    <ClInclude Include="..\src\My_Math\My_Math.h">
      <Filter>MyMath</Filter>
    </ClInclude>
    <ClInclude Include="..\src\Collision\Collision.h">
      <Filter>Collision</Filter>
    </ClInclude>
    <ClInclude Include="..\src\noda_Pack\Pack.h">
      <Filter>ヘッダー ファイル</Filter>
    </ClInclude>
  </ItemGroup>
</Project>